// !$*UTF8*$!
{
	archiveVersion = 1;
	classes = {
	};
	objectVersion = 46;
	objects = {

/* Begin PBXBuildFile section */
		3552DEEA1AC5D0CA00803976 /* SparkCore.swift in Sources */ = {isa = PBXBuildFile; fileRef = 3552DEE91AC5D0CA00803976 /* SparkCore.swift */; };
		3552DEEC1AC5D11E00803976 /* Appliance.swift in Sources */ = {isa = PBXBuildFile; fileRef = 3552DEEB1AC5D11E00803976 /* Appliance.swift */; };
		3552DEEF1AC5D1D200803976 /* ApplianceCell.swift in Sources */ = {isa = PBXBuildFile; fileRef = 3552DEEE1AC5D1D200803976 /* ApplianceCell.swift */; };
		3552DEF11AC5F4AA00803976 /* SparkService.swift in Sources */ = {isa = PBXBuildFile; fileRef = 3552DEF01AC5F4AA00803976 /* SparkService.swift */; };
		3552DEF41AC65D9900803976 /* CoresViewController.swift in Sources */ = {isa = PBXBuildFile; fileRef = 3552DEF31AC65D9900803976 /* CoresViewController.swift */; };
		3552DEF61AC65DB100803976 /* AddCoreViewController.swift in Sources */ = {isa = PBXBuildFile; fileRef = 3552DEF51AC65DB100803976 /* AddCoreViewController.swift */; };
		3552DEF81AC65E2500803976 /* CoreTableViewCell.swift in Sources */ = {isa = PBXBuildFile; fileRef = 3552DEF71AC65E2500803976 /* CoreTableViewCell.swift */; };
		3552DEFA1AC6601500803976 /* CoreStatusView.swift in Sources */ = {isa = PBXBuildFile; fileRef = 3552DEF91AC6601500803976 /* CoreStatusView.swift */; };
		3581C3101AC3B93A0066F83D /* AppDelegate.swift in Sources */ = {isa = PBXBuildFile; fileRef = 3581C30F1AC3B93A0066F83D /* AppDelegate.swift */; };
		3581C3151AC3B93A0066F83D /* Main.storyboard in Resources */ = {isa = PBXBuildFile; fileRef = 3581C3131AC3B93A0066F83D /* Main.storyboard */; };
		3581C3171AC3B93A0066F83D /* Images.xcassets in Resources */ = {isa = PBXBuildFile; fileRef = 3581C3161AC3B93A0066F83D /* Images.xcassets */; };
		3581C31A1AC3B93A0066F83D /* LaunchScreen.xib in Resources */ = {isa = PBXBuildFile; fileRef = 3581C3181AC3B93A0066F83D /* LaunchScreen.xib */; };
		3581C3261AC3B93A0066F83D /* RconTests.swift in Sources */ = {isa = PBXBuildFile; fileRef = 3581C3251AC3B93A0066F83D /* RconTests.swift */; };
		3581C3301AC3C1590066F83D /* AppliancesViewController.swift in Sources */ = {isa = PBXBuildFile; fileRef = 3581C32F1AC3C1590066F83D /* AppliancesViewController.swift */; };
/* End PBXBuildFile section */

/* Begin PBXContainerItemProxy section */
		3581C3201AC3B93A0066F83D /* PBXContainerItemProxy */ = {
			isa = PBXContainerItemProxy;
			containerPortal = 3581C3021AC3B93A0066F83D /* Project object */;
			proxyType = 1;
			remoteGlobalIDString = 3581C3091AC3B93A0066F83D;
			remoteInfo = Rcon;
		};
/* End PBXContainerItemProxy section */

/* Begin PBXFileReference section */
		3552DEE91AC5D0CA00803976 /* SparkCore.swift */ = {isa = PBXFileReference; fileEncoding = 4; lastKnownFileType = sourcecode.swift; path = SparkCore.swift; sourceTree = "<group>"; };
		3552DEEB1AC5D11E00803976 /* Appliance.swift */ = {isa = PBXFileReference; fileEncoding = 4; lastKnownFileType = sourcecode.swift; path = Appliance.swift; sourceTree = "<group>"; };
		3552DEEE1AC5D1D200803976 /* ApplianceCell.swift */ = {isa = PBXFileReference; fileEncoding = 4; lastKnownFileType = sourcecode.swift; path = ApplianceCell.swift; sourceTree = "<group>"; };
		3552DEF01AC5F4AA00803976 /* SparkService.swift */ = {isa = PBXFileReference; fileEncoding = 4; lastKnownFileType = sourcecode.swift; path = SparkService.swift; sourceTree = "<group>"; };
		3552DEF31AC65D9900803976 /* CoresViewController.swift */ = {isa = PBXFileReference; fileEncoding = 4; lastKnownFileType = sourcecode.swift; path = CoresViewController.swift; sourceTree = "<group>"; };
		3552DEF51AC65DB100803976 /* AddCoreViewController.swift */ = {isa = PBXFileReference; fileEncoding = 4; lastKnownFileType = sourcecode.swift; path = AddCoreViewController.swift; sourceTree = "<group>"; };
		3552DEF71AC65E2500803976 /* CoreTableViewCell.swift */ = {isa = PBXFileReference; fileEncoding = 4; lastKnownFileType = sourcecode.swift; path = CoreTableViewCell.swift; sourceTree = "<group>"; };
		3552DEF91AC6601500803976 /* CoreStatusView.swift */ = {isa = PBXFileReference; fileEncoding = 4; lastKnownFileType = sourcecode.swift; path = CoreStatusView.swift; sourceTree = "<group>"; };
		3581C30A1AC3B93A0066F83D /* Rcon.app */ = {isa = PBXFileReference; explicitFileType = wrapper.application; includeInIndex = 0; path = Rcon.app; sourceTree = BUILT_PRODUCTS_DIR; };
		3581C30E1AC3B93A0066F83D /* Info.plist */ = {isa = PBXFileReference; lastKnownFileType = text.plist.xml; path = Info.plist; sourceTree = "<group>"; };
		3581C30F1AC3B93A0066F83D /* AppDelegate.swift */ = {isa = PBXFileReference; lastKnownFileType = sourcecode.swift; path = AppDelegate.swift; sourceTree = "<group>"; };
		3581C3141AC3B93A0066F83D /* Base */ = {isa = PBXFileReference; lastKnownFileType = file.storyboard; name = Base; path = Base.lproj/Main.storyboard; sourceTree = "<group>"; };
		3581C3161AC3B93A0066F83D /* Images.xcassets */ = {isa = PBXFileReference; lastKnownFileType = folder.assetcatalog; path = Images.xcassets; sourceTree = "<group>"; };
		3581C3191AC3B93A0066F83D /* Base */ = {isa = PBXFileReference; lastKnownFileType = file.xib; name = Base; path = Base.lproj/LaunchScreen.xib; sourceTree = "<group>"; };
		3581C31F1AC3B93A0066F83D /* RconTests.xctest */ = {isa = PBXFileReference; explicitFileType = wrapper.cfbundle; includeInIndex = 0; path = RconTests.xctest; sourceTree = BUILT_PRODUCTS_DIR; };
		3581C3241AC3B93A0066F83D /* Info.plist */ = {isa = PBXFileReference; lastKnownFileType = text.plist.xml; path = Info.plist; sourceTree = "<group>"; };
		3581C3251AC3B93A0066F83D /* RconTests.swift */ = {isa = PBXFileReference; lastKnownFileType = sourcecode.swift; path = RconTests.swift; sourceTree = "<group>"; };
		3581C32F1AC3C1590066F83D /* AppliancesViewController.swift */ = {isa = PBXFileReference; fileEncoding = 4; lastKnownFileType = sourcecode.swift; path = AppliancesViewController.swift; sourceTree = "<group>"; };
/* End PBXFileReference section */

/* Begin PBXFrameworksBuildPhase section */
		3581C3071AC3B93A0066F83D /* Frameworks */ = {
			isa = PBXFrameworksBuildPhase;
			buildActionMask = 2147483647;
			files = (
			);
			runOnlyForDeploymentPostprocessing = 0;
		};
		3581C31C1AC3B93A0066F83D /* Frameworks */ = {
			isa = PBXFrameworksBuildPhase;
			buildActionMask = 2147483647;
			files = (
			);
			runOnlyForDeploymentPostprocessing = 0;
		};
/* End PBXFrameworksBuildPhase section */

/* Begin PBXGroup section */
		3552DEE81AC5D0B300803976 /* Model */ = {
			isa = PBXGroup;
			children = (
				3552DEE91AC5D0CA00803976 /* SparkCore.swift */,
				3552DEEB1AC5D11E00803976 /* Appliance.swift */,
			);
			name = Model;
			sourceTree = "<group>";
		};
		3552DEED1AC5D1C300803976 /* View */ = {
			isa = PBXGroup;
			children = (
				3552DEEE1AC5D1D200803976 /* ApplianceCell.swift */,
				3552DEF71AC65E2500803976 /* CoreTableViewCell.swift */,
				3552DEF91AC6601500803976 /* CoreStatusView.swift */,
			);
			name = View;
			sourceTree = "<group>";
		};
		3552DEF21AC65D6E00803976 /* Controller */ = {
			isa = PBXGroup;
			children = (
				3581C32F1AC3C1590066F83D /* AppliancesViewController.swift */,
				3552DEF31AC65D9900803976 /* CoresViewController.swift */,
				3552DEF51AC65DB100803976 /* AddCoreViewController.swift */,
			);
			name = Controller;
			sourceTree = "<group>";
		};
		3581C3011AC3B93A0066F83D = {
			isa = PBXGroup;
			children = (
				3581C30C1AC3B93A0066F83D /* Rcon */,
				3581C3221AC3B93A0066F83D /* RconTests */,
				3581C30B1AC3B93A0066F83D /* Products */,
			);
			sourceTree = "<group>";
		};
		3581C30B1AC3B93A0066F83D /* Products */ = {
			isa = PBXGroup;
			children = (
				3581C30A1AC3B93A0066F83D /* Rcon.app */,
				3581C31F1AC3B93A0066F83D /* RconTests.xctest */,
			);
			name = Products;
			sourceTree = "<group>";
		};
		3581C30C1AC3B93A0066F83D /* Rcon */ = {
			isa = PBXGroup;
			children = (
				3552DEF21AC65D6E00803976 /* Controller */,
				3552DEED1AC5D1C300803976 /* View */,
				3552DEE81AC5D0B300803976 /* Model */,
				3581C30D1AC3B93A0066F83D /* Supporting Files */,
				3581C3161AC3B93A0066F83D /* Images.xcassets */,
				3581C30F1AC3B93A0066F83D /* AppDelegate.swift */,
				3552DEF01AC5F4AA00803976 /* SparkService.swift */,
				3581C3131AC3B93A0066F83D /* Main.storyboard */,
				3581C3181AC3B93A0066F83D /* LaunchScreen.xib */,
			);
			path = Rcon;
			sourceTree = "<group>";
		};
		3581C30D1AC3B93A0066F83D /* Supporting Files */ = {
			isa = PBXGroup;
			children = (
				3581C30E1AC3B93A0066F83D /* Info.plist */,
			);
			name = "Supporting Files";
			sourceTree = "<group>";
		};
		3581C3221AC3B93A0066F83D /* RconTests */ = {
			isa = PBXGroup;
			children = (
				3581C3251AC3B93A0066F83D /* RconTests.swift */,
				3581C3231AC3B93A0066F83D /* Supporting Files */,
			);
			path = RconTests;
			sourceTree = "<group>";
		};
		3581C3231AC3B93A0066F83D /* Supporting Files */ = {
			isa = PBXGroup;
			children = (
				3581C3241AC3B93A0066F83D /* Info.plist */,
			);
			name = "Supporting Files";
			sourceTree = "<group>";
		};
/* End PBXGroup section */

/* Begin PBXNativeTarget section */
		3581C3091AC3B93A0066F83D /* Rcon */ = {
			isa = PBXNativeTarget;
			buildConfigurationList = 3581C3291AC3B93A0066F83D /* Build configuration list for PBXNativeTarget "Rcon" */;
			buildPhases = (
				3581C3061AC3B93A0066F83D /* Sources */,
				3581C3071AC3B93A0066F83D /* Frameworks */,
				3581C3081AC3B93A0066F83D /* Resources */,
			);
			buildRules = (
			);
			dependencies = (
			);
			name = Rcon;
			productName = Rcon;
			productReference = 3581C30A1AC3B93A0066F83D /* Rcon.app */;
			productType = "com.apple.product-type.application";
		};
		3581C31E1AC3B93A0066F83D /* RconTests */ = {
			isa = PBXNativeTarget;
			buildConfigurationList = 3581C32C1AC3B93A0066F83D /* Build configuration list for PBXNativeTarget "RconTests" */;
			buildPhases = (
				3581C31B1AC3B93A0066F83D /* Sources */,
				3581C31C1AC3B93A0066F83D /* Frameworks */,
				3581C31D1AC3B93A0066F83D /* Resources */,
			);
			buildRules = (
			);
			dependencies = (
				3581C3211AC3B93A0066F83D /* PBXTargetDependency */,
			);
			name = RconTests;
			productName = RconTests;
			productReference = 3581C31F1AC3B93A0066F83D /* RconTests.xctest */;
			productType = "com.apple.product-type.bundle.unit-test";
		};
/* End PBXNativeTarget section */

/* Begin PBXProject section */
		3581C3021AC3B93A0066F83D /* Project object */ = {
			isa = PBXProject;
			attributes = {
				LastUpgradeCheck = 0630;
				ORGANIZATIONNAME = "Nicolas Ameghino";
				TargetAttributes = {
					3581C3091AC3B93A0066F83D = {
						CreatedOnToolsVersion = 6.3;
						DevelopmentTeam = A45WY99R85;
					};
					3581C31E1AC3B93A0066F83D = {
						CreatedOnToolsVersion = 6.3;
						TestTargetID = 3581C3091AC3B93A0066F83D;
					};
				};
			};
			buildConfigurationList = 3581C3051AC3B93A0066F83D /* Build configuration list for PBXProject "Rcon" */;
			compatibilityVersion = "Xcode 3.2";
			developmentRegion = English;
			hasScannedForEncodings = 0;
			knownRegions = (
				en,
				Base,
			);
			mainGroup = 3581C3011AC3B93A0066F83D;
			productRefGroup = 3581C30B1AC3B93A0066F83D /* Products */;
			projectDirPath = "";
			projectRoot = "";
			targets = (
				3581C3091AC3B93A0066F83D /* Rcon */,
				3581C31E1AC3B93A0066F83D /* RconTests */,
			);
		};
/* End PBXProject section */

/* Begin PBXResourcesBuildPhase section */
		3581C3081AC3B93A0066F83D /* Resources */ = {
			isa = PBXResourcesBuildPhase;
			buildActionMask = 2147483647;
			files = (
				3581C3151AC3B93A0066F83D /* Main.storyboard in Resources */,
				3581C31A1AC3B93A0066F83D /* LaunchScreen.xib in Resources */,
				3581C3171AC3B93A0066F83D /* Images.xcassets in Resources */,
			);
			runOnlyForDeploymentPostprocessing = 0;
		};
		3581C31D1AC3B93A0066F83D /* Resources */ = {
			isa = PBXResourcesBuildPhase;
			buildActionMask = 2147483647;
			files = (
			);
			runOnlyForDeploymentPostprocessing = 0;
		};
/* End PBXResourcesBuildPhase section */

/* Begin PBXSourcesBuildPhase section */
		3581C3061AC3B93A0066F83D /* Sources */ = {
			isa = PBXSourcesBuildPhase;
			buildActionMask = 2147483647;
			files = (
				3552DEF41AC65D9900803976 /* CoresViewController.swift in Sources */,
				3581C3301AC3C1590066F83D /* AppliancesViewController.swift in Sources */,
				3552DEEA1AC5D0CA00803976 /* SparkCore.swift in Sources */,
				3552DEEF1AC5D1D200803976 /* ApplianceCell.swift in Sources */,
				3581C3101AC3B93A0066F83D /* AppDelegate.swift in Sources */,
				3552DEF81AC65E2500803976 /* CoreTableViewCell.swift in Sources */,
				3552DEEC1AC5D11E00803976 /* Appliance.swift in Sources */,
				3552DEF11AC5F4AA00803976 /* SparkService.swift in Sources */,
				3552DEF61AC65DB100803976 /* AddCoreViewController.swift in Sources */,
				3552DEFA1AC6601500803976 /* CoreStatusView.swift in Sources */,
			);
			runOnlyForDeploymentPostprocessing = 0;
		};
		3581C31B1AC3B93A0066F83D /* Sources */ = {
			isa = PBXSourcesBuildPhase;
			buildActionMask = 2147483647;
			files = (
				3581C3261AC3B93A0066F83D /* RconTests.swift in Sources */,
			);
			runOnlyForDeploymentPostprocessing = 0;
		};
/* End PBXSourcesBuildPhase section */

/* Begin PBXTargetDependency section */
		3581C3211AC3B93A0066F83D /* PBXTargetDependency */ = {
			isa = PBXTargetDependency;
			target = 3581C3091AC3B93A0066F83D /* Rcon */;
			targetProxy = 3581C3201AC3B93A0066F83D /* PBXContainerItemProxy */;
		};
/* End PBXTargetDependency section */

/* Begin PBXVariantGroup section */
		3581C3131AC3B93A0066F83D /* Main.storyboard */ = {
			isa = PBXVariantGroup;
			children = (
				3581C3141AC3B93A0066F83D /* Base */,
			);
			name = Main.storyboard;
			sourceTree = "<group>";
		};
		3581C3181AC3B93A0066F83D /* LaunchScreen.xib */ = {
			isa = PBXVariantGroup;
			children = (
				3581C3191AC3B93A0066F83D /* Base */,
			);
			name = LaunchScreen.xib;
			sourceTree = "<group>";
		};
/* End PBXVariantGroup section */

/* Begin XCBuildConfiguration section */
		3581C3271AC3B93A0066F83D /* Debug */ = {
			isa = XCBuildConfiguration;
			buildSettings = {
				ALWAYS_SEARCH_USER_PATHS = NO;
				CLANG_CXX_LANGUAGE_STANDARD = "gnu++0x";
				CLANG_CXX_LIBRARY = "libc++";
				CLANG_ENABLE_MODULES = YES;
				CLANG_ENABLE_OBJC_ARC = YES;
				CLANG_WARN_BOOL_CONVERSION = YES;
				CLANG_WARN_CONSTANT_CONVERSION = YES;
				CLANG_WARN_DIRECT_OBJC_ISA_USAGE = YES_ERROR;
				CLANG_WARN_EMPTY_BODY = YES;
				CLANG_WARN_ENUM_CONVERSION = YES;
				CLANG_WARN_INT_CONVERSION = YES;
				CLANG_WARN_OBJC_ROOT_CLASS = YES_ERROR;
				CLANG_WARN_UNREACHABLE_CODE = YES;
				CLANG_WARN__DUPLICATE_METHOD_MATCH = YES;
				"CODE_SIGN_IDENTITY[sdk=iphoneos*]" = "iPhone Developer";
				COPY_PHASE_STRIP = NO;
				DEBUG_INFORMATION_FORMAT = "dwarf-with-dsym";
				ENABLE_STRICT_OBJC_MSGSEND = YES;
				GCC_C_LANGUAGE_STANDARD = gnu99;
				GCC_DYNAMIC_NO_PIC = NO;
				GCC_NO_COMMON_BLOCKS = YES;
				GCC_OPTIMIZATION_LEVEL = 0;
				GCC_PREPROCESSOR_DEFINITIONS = (
					"DEBUG=1",
					"$(inherited)",
				);
				GCC_SYMBOLS_PRIVATE_EXTERN = NO;
				GCC_WARN_64_TO_32_BIT_CONVERSION = YES;
				GCC_WARN_ABOUT_RETURN_TYPE = YES_ERROR;
				GCC_WARN_UNDECLARED_SELECTOR = YES;
				GCC_WARN_UNINITIALIZED_AUTOS = YES_AGGRESSIVE;
				GCC_WARN_UNUSED_FUNCTION = YES;
				GCC_WARN_UNUSED_VARIABLE = YES;
				IPHONEOS_DEPLOYMENT_TARGET = 8.3;
				MTL_ENABLE_DEBUG_INFO = YES;
				ONLY_ACTIVE_ARCH = YES;
				SDKROOT = iphoneos;
				SWIFT_OPTIMIZATION_LEVEL = "-Onone";
				TARGETED_DEVICE_FAMILY = "1,2";
			};
			name = Debug;
		};
		3581C3281AC3B93A0066F83D /* Release */ = {
			isa = XCBuildConfiguration;
			buildSettings = {
				ALWAYS_SEARCH_USER_PATHS = NO;
				CLANG_CXX_LANGUAGE_STANDARD = "gnu++0x";
				CLANG_CXX_LIBRARY = "libc++";
				CLANG_ENABLE_MODULES = YES;
				CLANG_ENABLE_OBJC_ARC = YES;
				CLANG_WARN_BOOL_CONVERSION = YES;
				CLANG_WARN_CONSTANT_CONVERSION = YES;
				CLANG_WARN_DIRECT_OBJC_ISA_USAGE = YES_ERROR;
				CLANG_WARN_EMPTY_BODY = YES;
				CLANG_WARN_ENUM_CONVERSION = YES;
				CLANG_WARN_INT_CONVERSION = YES;
				CLANG_WARN_OBJC_ROOT_CLASS = YES_ERROR;
				CLANG_WARN_UNREACHABLE_CODE = YES;
				CLANG_WARN__DUPLICATE_METHOD_MATCH = YES;
				"CODE_SIGN_IDENTITY[sdk=iphoneos*]" = "iPhone Developer";
				COPY_PHASE_STRIP = NO;
				DEBUG_INFORMATION_FORMAT = "dwarf-with-dsym";
				ENABLE_NS_ASSERTIONS = NO;
				ENABLE_STRICT_OBJC_MSGSEND = YES;
				GCC_C_LANGUAGE_STANDARD = gnu99;
				GCC_NO_COMMON_BLOCKS = YES;
				GCC_WARN_64_TO_32_BIT_CONVERSION = YES;
				GCC_WARN_ABOUT_RETURN_TYPE = YES_ERROR;
				GCC_WARN_UNDECLARED_SELECTOR = YES;
				GCC_WARN_UNINITIALIZED_AUTOS = YES_AGGRESSIVE;
				GCC_WARN_UNUSED_FUNCTION = YES;
				GCC_WARN_UNUSED_VARIABLE = YES;
				IPHONEOS_DEPLOYMENT_TARGET = 8.3;
				MTL_ENABLE_DEBUG_INFO = NO;
				SDKROOT = iphoneos;
				TARGETED_DEVICE_FAMILY = "1,2";
				VALIDATE_PRODUCT = YES;
			};
			name = Release;
		};
		3581C32A1AC3B93A0066F83D /* Debug */ = {
			isa = XCBuildConfiguration;
			buildSettings = {
				ASSETCATALOG_COMPILER_APPICON_NAME = AppIcon;
				CODE_SIGN_IDENTITY = "iPhone Developer";
				INFOPLIST_FILE = Rcon/Info.plist;
				IPHONEOS_DEPLOYMENT_TARGET = 8.2;
				LD_RUNPATH_SEARCH_PATHS = "$(inherited) @executable_path/Frameworks";
				PRODUCT_NAME = "$(TARGET_NAME)";
				SWIFT_OBJC_BRIDGING_HEADER = "";
				TARGETED_DEVICE_FAMILY = 1;
			};
			name = Debug;
		};
		3581C32B1AC3B93A0066F83D /* Release */ = {
			isa = XCBuildConfiguration;
			buildSettings = {
				ASSETCATALOG_COMPILER_APPICON_NAME = AppIcon;
				CODE_SIGN_IDENTITY = "iPhone Developer";
				INFOPLIST_FILE = Rcon/Info.plist;
				IPHONEOS_DEPLOYMENT_TARGET = 8.2;
				LD_RUNPATH_SEARCH_PATHS = "$(inherited) @executable_path/Frameworks";
				PRODUCT_NAME = "$(TARGET_NAME)";
				SWIFT_OBJC_BRIDGING_HEADER = "";
				TARGETED_DEVICE_FAMILY = 1;
			};
			name = Release;
		};
		3581C32D1AC3B93A0066F83D /* Debug */ = {
			isa = XCBuildConfiguration;
			buildSettings = {
				BUNDLE_LOADER = "$(TEST_HOST)";
				FRAMEWORK_SEARCH_PATHS = (
					"$(SDKROOT)/Developer/Library/Frameworks",
					"$(inherited)",
				);
				GCC_PREPROCESSOR_DEFINITIONS = (
					"DEBUG=1",
					"$(inherited)",
				);
				INFOPLIST_FILE = RconTests/Info.plist;
				LD_RUNPATH_SEARCH_PATHS = "$(inherited) @executable_path/Frameworks @loader_path/Frameworks";
				PRODUCT_NAME = "$(TARGET_NAME)";
				TEST_HOST = "$(BUILT_PRODUCTS_DIR)/Rcon.app/Rcon";
			};
			name = Debug;
		};
		3581C32E1AC3B93A0066F83D /* Release */ = {
			isa = XCBuildConfiguration;
			buildSettings = {
				BUNDLE_LOADER = "$(TEST_HOST)";
				FRAMEWORK_SEARCH_PATHS = (
					"$(SDKROOT)/Developer/Library/Frameworks",
					"$(inherited)",
				);
				INFOPLIST_FILE = RconTests/Info.plist;
				LD_RUNPATH_SEARCH_PATHS = "$(inherited) @executable_path/Frameworks @loader_path/Frameworks";
				PRODUCT_NAME = "$(TARGET_NAME)";
				TEST_HOST = "$(BUILT_PRODUCTS_DIR)/Rcon.app/Rcon";
			};
			name = Release;
		};
/* End XCBuildConfiguration section */

/* Begin XCConfigurationList section */
		3581C3051AC3B93A0066F83D /* Build configuration list for PBXProject "Rcon" */ = {
			isa = XCConfigurationList;
			buildConfigurations = (
				3581C3271AC3B93A0066F83D /* Debug */,
				3581C3281AC3B93A0066F83D /* Release */,
			);
			defaultConfigurationIsVisible = 0;
			defaultConfigurationName = Release;
		};
		3581C3291AC3B93A0066F83D /* Build configuration list for PBXNativeTarget "Rcon" */ = {
			isa = XCConfigurationList;
			buildConfigurations = (
				3581C32A1AC3B93A0066F83D /* Debug */,
				3581C32B1AC3B93A0066F83D /* Release */,
			);
			defaultConfigurationIsVisible = 0;
			defaultConfigurationName = Release;
		};
		3581C32C1AC3B93A0066F83D /* Build configuration list for PBXNativeTarget "RconTests" */ = {
			isa = XCConfigurationList;
			buildConfigurations = (
				3581C32D1AC3B93A0066F83D /* Debug */,
				3581C32E1AC3B93A0066F83D /* Release */,
			);
			defaultConfigurationIsVisible = 0;
			defaultConfigurationName = Release;
		};
/* End XCConfigurationList section */
	};
	rootObject = 3581C3021AC3B93A0066F83D /* Project object */;
}
